
Microsoft Visual Studio Solution File, Format Version 12.00
# Visual Studio Version 17
VisualStudioVersion = 17.3.32901.215
MinimumVisualStudioVersion = 10.0.40219.1
Project("{FAE04EC0-301F-11D3-BF4B-00C04F79EFBC}") = "Calculator3", "Calculator3.csproj", "{1BEFDD19-EC4B-4BE0-8D37-08BC84508A07}"
EndProject
Global
	GlobalSection(SolutionConfigurationPlatforms) = preSolution
		Debug|Any CPU = Debug|Any CPU
		Release|Any CPU = Release|Any CPU
	EndGlobalSection
	GlobalSection(ProjectConfigurationPlatforms) = postSolution
		{1BEFDD19-EC4B-4BE0-8D37-08BC84508A07}.Debug|Any CPU.ActiveCfg = Debug|Any CPU
		{1BEFDD19-EC4B-4BE0-8D37-08BC84508A07}.Debug|Any CPU.Build.0 = Debug|Any CPU
		{1BEFDD19-EC4B-4BE0-8D37-08BC84508A07}.Release|Any CPU.ActiveCfg = Release|Any CPU
		{1BEFDD19-EC4B-4BE0-8D37-08BC84508A07}.Release|Any CPU.Build.0 = Release|Any CPU
	EndGlobalSection
	GlobalSection(SolutionProperties) = preSolution
		HideSolutionNode = FALSE
	EndGlobalSection
	GlobalSection(ExtensibilityGlobals) = postSolution
		SolutionGuid = {57E8CD9F-D1B9-448A-8CF6-962666FD7360}
	EndGlobalSection
EndGlobal
